// !$*UTF8*$!
{
	archiveVersion = 1;
	classes = {
	};
	objectVersion = 50;
	objects = {

/* Begin PBXBuildFile section */
		F3EF889226CD483D00575F65 /* MainView.swift in Sources */ = {isa = PBXBuildFile; fileRef = F3EF889126CD483D00575F65 /* MainView.swift */; };
		F3EF889426CD485500575F65 /* MapView.swift in Sources */ = {isa = PBXBuildFile; fileRef = F3EF889326CD485500575F65 /* MapView.swift */; };
		F3EF889626CD486500575F65 /* AirportView.swift in Sources */ = {isa = PBXBuildFile; fileRef = F3EF889526CD486500575F65 /* AirportView.swift */; };
		F3EF889826CD487300575F65 /* ReachView.swift in Sources */ = {isa = PBXBuildFile; fileRef = F3EF889726CD487300575F65 /* ReachView.swift */; };
		F3EF889A26CD487D00575F65 /* SettingsView.swift in Sources */ = {isa = PBXBuildFile; fileRef = F3EF889926CD487D00575F65 /* SettingsView.swift */; };
		F3EF889E26CD4E3500575F65 /* Translations.strings in Resources */ = {isa = PBXBuildFile; fileRef = F3EF88A026CD4E3500575F65 /* Translations.strings */; };
		F3EF88A426CD507600575F65 /* Translations.swift in Sources */ = {isa = PBXBuildFile; fileRef = F3EF88A326CD507600575F65 /* Translations.swift */; };
		F3EF88AC26CD524D00575F65 /* Assets.swift in Sources */ = {isa = PBXBuildFile; fileRef = F3EF88AB26CD524D00575F65 /* Assets.swift */; };
		F3F9E1F126CD459B0051C96E /* AirportMingleApp.swift in Sources */ = {isa = PBXBuildFile; fileRef = F3F9E1F026CD459B0051C96E /* AirportMingleApp.swift */; };
		F3F9E1F526CD459D0051C96E /* Assets.xcassets in Resources */ = {isa = PBXBuildFile; fileRef = F3F9E1F426CD459D0051C96E /* Assets.xcassets */; };
		F3F9E1F826CD459D0051C96E /* Preview Assets.xcassets in Resources */ = {isa = PBXBuildFile; fileRef = F3F9E1F726CD459D0051C96E /* Preview Assets.xcassets */; };
		F3F9E20326CD459D0051C96E /* AirportMingleTests.swift in Sources */ = {isa = PBXBuildFile; fileRef = F3F9E20226CD459D0051C96E /* AirportMingleTests.swift */; };
		F3F9E20E26CD459D0051C96E /* AirportMingleUITests.swift in Sources */ = {isa = PBXBuildFile; fileRef = F3F9E20D26CD459D0051C96E /* AirportMingleUITests.swift */; };
/* End PBXBuildFile section */

/* Begin PBXContainerItemProxy section */
		F3F9E1FF26CD459D0051C96E /* PBXContainerItemProxy */ = {
			isa = PBXContainerItemProxy;
			containerPortal = F3F9E1E526CD459B0051C96E /* Project object */;
			proxyType = 1;
			remoteGlobalIDString = F3F9E1EC26CD459B0051C96E;
			remoteInfo = AirportMingle;
		};
		F3F9E20A26CD459D0051C96E /* PBXContainerItemProxy */ = {
			isa = PBXContainerItemProxy;
			containerPortal = F3F9E1E526CD459B0051C96E /* Project object */;
			proxyType = 1;
			remoteGlobalIDString = F3F9E1EC26CD459B0051C96E;
			remoteInfo = AirportMingle;
		};
/* End PBXContainerItemProxy section */

/* Begin PBXFileReference section */
		F3EF889126CD483D00575F65 /* MainView.swift */ = {isa = PBXFileReference; lastKnownFileType = sourcecode.swift; path = MainView.swift; sourceTree = "<group>"; };
		F3EF889326CD485500575F65 /* MapView.swift */ = {isa = PBXFileReference; lastKnownFileType = sourcecode.swift; path = MapView.swift; sourceTree = "<group>"; };
		F3EF889526CD486500575F65 /* AirportView.swift */ = {isa = PBXFileReference; lastKnownFileType = sourcecode.swift; path = AirportView.swift; sourceTree = "<group>"; };
		F3EF889726CD487300575F65 /* ReachView.swift */ = {isa = PBXFileReference; lastKnownFileType = sourcecode.swift; path = ReachView.swift; sourceTree = "<group>"; };
		F3EF889926CD487D00575F65 /* SettingsView.swift */ = {isa = PBXFileReference; lastKnownFileType = sourcecode.swift; path = SettingsView.swift; sourceTree = "<group>"; };
		F3EF889F26CD4E3500575F65 /* en */ = {isa = PBXFileReference; lastKnownFileType = text.plist.strings; name = en; path = en.lproj/Translations.strings; sourceTree = "<group>"; };
		F3EF88A126CD4E3900575F65 /* nl */ = {isa = PBXFileReference; lastKnownFileType = text.plist.strings; name = nl; path = nl.lproj/Translations.strings; sourceTree = "<group>"; };
		F3EF88A326CD507600575F65 /* Translations.swift */ = {isa = PBXFileReference; lastKnownFileType = sourcecode.swift; path = Translations.swift; sourceTree = "<group>"; };
		F3EF88A826CD511400575F65 /* swiftgen.yml */ = {isa = PBXFileReference; fileEncoding = 4; lastKnownFileType = text.yaml; path = swiftgen.yml; sourceTree = "<group>"; };
		F3EF88AB26CD524D00575F65 /* Assets.swift */ = {isa = PBXFileReference; lastKnownFileType = sourcecode.swift; path = Assets.swift; sourceTree = "<group>"; };
		F3F9E1ED26CD459B0051C96E /* AirportMingle.app */ = {isa = PBXFileReference; explicitFileType = wrapper.application; includeInIndex = 0; path = AirportMingle.app; sourceTree = BUILT_PRODUCTS_DIR; };
		F3F9E1F026CD459B0051C96E /* AirportMingleApp.swift */ = {isa = PBXFileReference; lastKnownFileType = sourcecode.swift; path = AirportMingleApp.swift; sourceTree = "<group>"; };
		F3F9E1F426CD459D0051C96E /* Assets.xcassets */ = {isa = PBXFileReference; lastKnownFileType = folder.assetcatalog; path = Assets.xcassets; sourceTree = "<group>"; };
		F3F9E1F726CD459D0051C96E /* Preview Assets.xcassets */ = {isa = PBXFileReference; lastKnownFileType = folder.assetcatalog; path = "Preview Assets.xcassets"; sourceTree = "<group>"; };
		F3F9E1F926CD459D0051C96E /* Info.plist */ = {isa = PBXFileReference; lastKnownFileType = text.plist.xml; path = Info.plist; sourceTree = "<group>"; };
		F3F9E1FE26CD459D0051C96E /* AirportMingleTests.xctest */ = {isa = PBXFileReference; explicitFileType = wrapper.cfbundle; includeInIndex = 0; path = AirportMingleTests.xctest; sourceTree = BUILT_PRODUCTS_DIR; };
		F3F9E20226CD459D0051C96E /* AirportMingleTests.swift */ = {isa = PBXFileReference; lastKnownFileType = sourcecode.swift; path = AirportMingleTests.swift; sourceTree = "<group>"; };
		F3F9E20426CD459D0051C96E /* Info.plist */ = {isa = PBXFileReference; lastKnownFileType = text.plist.xml; path = Info.plist; sourceTree = "<group>"; };
		F3F9E20926CD459D0051C96E /* AirportMingleUITests.xctest */ = {isa = PBXFileReference; explicitFileType = wrapper.cfbundle; includeInIndex = 0; path = AirportMingleUITests.xctest; sourceTree = BUILT_PRODUCTS_DIR; };
		F3F9E20D26CD459D0051C96E /* AirportMingleUITests.swift */ = {isa = PBXFileReference; lastKnownFileType = sourcecode.swift; path = AirportMingleUITests.swift; sourceTree = "<group>"; };
		F3F9E20F26CD459D0051C96E /* Info.plist */ = {isa = PBXFileReference; lastKnownFileType = text.plist.xml; path = Info.plist; sourceTree = "<group>"; };
/* End PBXFileReference section */

/* Begin PBXFrameworksBuildPhase section */
		F3F9E1EA26CD459B0051C96E /* Frameworks */ = {
			isa = PBXFrameworksBuildPhase;
			buildActionMask = 2147483647;
			files = (
			);
			runOnlyForDeploymentPostprocessing = 0;
		};
		F3F9E1FB26CD459D0051C96E /* Frameworks */ = {
			isa = PBXFrameworksBuildPhase;
			buildActionMask = 2147483647;
			files = (
			);
			runOnlyForDeploymentPostprocessing = 0;
		};
		F3F9E20626CD459D0051C96E /* Frameworks */ = {
			isa = PBXFrameworksBuildPhase;
			buildActionMask = 2147483647;
			files = (
			);
			runOnlyForDeploymentPostprocessing = 0;
		};
/* End PBXFrameworksBuildPhase section */

/* Begin PBXGroup section */
		F3EF888F26CD475600575F65 /* Misc */ = {
			isa = PBXGroup;
			children = (
				F3EF88AA26CD51D600575F65 /* Translations */,
				F3F9E1F926CD459D0051C96E /* Info.plist */,
				F3F9E1F426CD459D0051C96E /* Assets.xcassets */,
				F3F9E1F626CD459D0051C96E /* Preview Content */,
			);
			path = Misc;
			sourceTree = "<group>";
		};
		F3EF889026CD482F00575F65 /* Views */ = {
			isa = PBXGroup;
			children = (
				F3EF889126CD483D00575F65 /* MainView.swift */,
				F3EF889326CD485500575F65 /* MapView.swift */,
				F3EF889526CD486500575F65 /* AirportView.swift */,
				F3EF889726CD487300575F65 /* ReachView.swift */,
				F3EF889926CD487D00575F65 /* SettingsView.swift */,
			);
			path = Views;
			sourceTree = "<group>";
		};
		F3EF88A226CD505D00575F65 /* Generated */ = {
			isa = PBXGroup;
			children = (
				F3EF88A626CD50E700575F65 /* SwiftGen */,
			);
			path = Generated;
			sourceTree = "<group>";
		};
		F3EF88A626CD50E700575F65 /* SwiftGen */ = {
			isa = PBXGroup;
			children = (
				F3EF88A726CD511400575F65 /* Config */,
				F3EF88A326CD507600575F65 /* Translations.swift */,
				F3EF88AB26CD524D00575F65 /* Assets.swift */,
			);
			path = SwiftGen;
			sourceTree = "<group>";
		};
		F3EF88A726CD511400575F65 /* Config */ = {
			isa = PBXGroup;
			children = (
				F3EF88A826CD511400575F65 /* swiftgen.yml */,
			);
			path = Config;
			sourceTree = "<group>";
		};
		F3EF88AA26CD51D600575F65 /* Translations */ = {
			isa = PBXGroup;
			children = (
				F3EF88A026CD4E3500575F65 /* Translations.strings */,
			);
			path = Translations;
			sourceTree = "<group>";
		};
		F3F9E1E426CD459B0051C96E = {
			isa = PBXGroup;
			children = (
				F3F9E1EF26CD459B0051C96E /* AirportMingle */,
				F3F9E20126CD459D0051C96E /* AirportMingleTests */,
				F3F9E20C26CD459D0051C96E /* AirportMingleUITests */,
				F3F9E1EE26CD459B0051C96E /* Products */,
			);
			sourceTree = "<group>";
		};
		F3F9E1EE26CD459B0051C96E /* Products */ = {
			isa = PBXGroup;
			children = (
				F3F9E1ED26CD459B0051C96E /* AirportMingle.app */,
				F3F9E1FE26CD459D0051C96E /* AirportMingleTests.xctest */,
				F3F9E20926CD459D0051C96E /* AirportMingleUITests.xctest */,
			);
			name = Products;
			sourceTree = "<group>";
		};
		F3F9E1EF26CD459B0051C96E /* AirportMingle */ = {
			isa = PBXGroup;
			children = (
				F3F9E1F026CD459B0051C96E /* AirportMingleApp.swift */,
				F3EF889026CD482F00575F65 /* Views */,
				F3EF88A226CD505D00575F65 /* Generated */,
				F3EF888F26CD475600575F65 /* Misc */,
			);
			path = AirportMingle;
			sourceTree = "<group>";
		};
		F3F9E1F626CD459D0051C96E /* Preview Content */ = {
			isa = PBXGroup;
			children = (
				F3F9E1F726CD459D0051C96E /* Preview Assets.xcassets */,
			);
			path = "Preview Content";
			sourceTree = "<group>";
		};
		F3F9E20126CD459D0051C96E /* AirportMingleTests */ = {
			isa = PBXGroup;
			children = (
				F3F9E20226CD459D0051C96E /* AirportMingleTests.swift */,
				F3F9E20426CD459D0051C96E /* Info.plist */,
			);
			path = AirportMingleTests;
			sourceTree = "<group>";
		};
		F3F9E20C26CD459D0051C96E /* AirportMingleUITests */ = {
			isa = PBXGroup;
			children = (
				F3F9E20D26CD459D0051C96E /* AirportMingleUITests.swift */,
				F3F9E20F26CD459D0051C96E /* Info.plist */,
			);
			path = AirportMingleUITests;
			sourceTree = "<group>";
		};
/* End PBXGroup section */

/* Begin PBXNativeTarget section */
		F3F9E1EC26CD459B0051C96E /* AirportMingle */ = {
			isa = PBXNativeTarget;
			buildConfigurationList = F3F9E21226CD459D0051C96E /* Build configuration list for PBXNativeTarget "AirportMingle" */;
			buildPhases = (
				F3EF88A526CD50B200575F65 /* SwiftGen */,
				F3F9E1E926CD459B0051C96E /* Sources */,
				F3F9E1EA26CD459B0051C96E /* Frameworks */,
				F3F9E1EB26CD459B0051C96E /* Resources */,
			);
			buildRules = (
			);
			dependencies = (
			);
			name = AirportMingle;
			productName = AirportMingle;
			productReference = F3F9E1ED26CD459B0051C96E /* AirportMingle.app */;
			productType = "com.apple.product-type.application";
		};
		F3F9E1FD26CD459D0051C96E /* AirportMingleTests */ = {
			isa = PBXNativeTarget;
			buildConfigurationList = F3F9E21526CD459D0051C96E /* Build configuration list for PBXNativeTarget "AirportMingleTests" */;
			buildPhases = (
				F3F9E1FA26CD459D0051C96E /* Sources */,
				F3F9E1FB26CD459D0051C96E /* Frameworks */,
				F3F9E1FC26CD459D0051C96E /* Resources */,
			);
			buildRules = (
			);
			dependencies = (
				F3F9E20026CD459D0051C96E /* PBXTargetDependency */,
			);
			name = AirportMingleTests;
			productName = AirportMingleTests;
			productReference = F3F9E1FE26CD459D0051C96E /* AirportMingleTests.xctest */;
			productType = "com.apple.product-type.bundle.unit-test";
		};
		F3F9E20826CD459D0051C96E /* AirportMingleUITests */ = {
			isa = PBXNativeTarget;
			buildConfigurationList = F3F9E21826CD459D0051C96E /* Build configuration list for PBXNativeTarget "AirportMingleUITests" */;
			buildPhases = (
				F3F9E20526CD459D0051C96E /* Sources */,
				F3F9E20626CD459D0051C96E /* Frameworks */,
				F3F9E20726CD459D0051C96E /* Resources */,
			);
			buildRules = (
			);
			dependencies = (
				F3F9E20B26CD459D0051C96E /* PBXTargetDependency */,
			);
			name = AirportMingleUITests;
			productName = AirportMingleUITests;
			productReference = F3F9E20926CD459D0051C96E /* AirportMingleUITests.xctest */;
			productType = "com.apple.product-type.bundle.ui-testing";
		};
/* End PBXNativeTarget section */

/* Begin PBXProject section */
		F3F9E1E526CD459B0051C96E /* Project object */ = {
			isa = PBXProject;
			attributes = {
				LastSwiftUpdateCheck = 1250;
				LastUpgradeCheck = 1250;
				TargetAttributes = {
					F3F9E1EC26CD459B0051C96E = {
						CreatedOnToolsVersion = 12.5.1;
					};
					F3F9E1FD26CD459D0051C96E = {
						CreatedOnToolsVersion = 12.5.1;
						TestTargetID = F3F9E1EC26CD459B0051C96E;
					};
					F3F9E20826CD459D0051C96E = {
						CreatedOnToolsVersion = 12.5.1;
						TestTargetID = F3F9E1EC26CD459B0051C96E;
					};
				};
			};
			buildConfigurationList = F3F9E1E826CD459B0051C96E /* Build configuration list for PBXProject "AirportMingle" */;
			compatibilityVersion = "Xcode 9.3";
			developmentRegion = en;
			hasScannedForEncodings = 0;
			knownRegions = (
				en,
				Base,
				nl,
			);
			mainGroup = F3F9E1E426CD459B0051C96E;
			productRefGroup = F3F9E1EE26CD459B0051C96E /* Products */;
			projectDirPath = "";
			projectRoot = "";
			targets = (
				F3F9E1EC26CD459B0051C96E /* AirportMingle */,
				F3F9E1FD26CD459D0051C96E /* AirportMingleTests */,
				F3F9E20826CD459D0051C96E /* AirportMingleUITests */,
			);
		};
/* End PBXProject section */

/* Begin PBXResourcesBuildPhase section */
		F3F9E1EB26CD459B0051C96E /* Resources */ = {
			isa = PBXResourcesBuildPhase;
			buildActionMask = 2147483647;
			files = (
				F3F9E1F826CD459D0051C96E /* Preview Assets.xcassets in Resources */,
				F3EF889E26CD4E3500575F65 /* Translations.strings in Resources */,
				F3F9E1F526CD459D0051C96E /* Assets.xcassets in Resources */,
			);
			runOnlyForDeploymentPostprocessing = 0;
		};
		F3F9E1FC26CD459D0051C96E /* Resources */ = {
			isa = PBXResourcesBuildPhase;
			buildActionMask = 2147483647;
			files = (
			);
			runOnlyForDeploymentPostprocessing = 0;
		};
		F3F9E20726CD459D0051C96E /* Resources */ = {
			isa = PBXResourcesBuildPhase;
			buildActionMask = 2147483647;
			files = (
			);
			runOnlyForDeploymentPostprocessing = 0;
		};
/* End PBXResourcesBuildPhase section */

/* Begin PBXShellScriptBuildPhase section */
		F3EF88A526CD50B200575F65 /* SwiftGen */ = {
			isa = PBXShellScriptBuildPhase;
			buildActionMask = 2147483647;
			files = (
			);
			inputFileListPaths = (
			);
			inputPaths = (
			);
			name = SwiftGen;
			outputFileListPaths = (
			);
			outputPaths = (
			);
			runOnlyForDeploymentPostprocessing = 0;
			shellPath = /bin/sh;
			shellScript = "swiftgen config run --config AirportMingle/Generated/SwiftGen/Config/swiftgen.yml;\n";
		};
/* End PBXShellScriptBuildPhase section */

/* Begin PBXSourcesBuildPhase section */
		F3F9E1E926CD459B0051C96E /* Sources */ = {
			isa = PBXSourcesBuildPhase;
			buildActionMask = 2147483647;
			files = (
				F3EF889626CD486500575F65 /* AirportView.swift in Sources */,
				F3EF889226CD483D00575F65 /* MainView.swift in Sources */,
				F3EF88AC26CD524D00575F65 /* Assets.swift in Sources */,
				F3EF889826CD487300575F65 /* ReachView.swift in Sources */,
				F3EF889A26CD487D00575F65 /* SettingsView.swift in Sources */,
				F3EF889426CD485500575F65 /* MapView.swift in Sources */,
				F3F9E1F126CD459B0051C96E /* AirportMingleApp.swift in Sources */,
				F3EF88A426CD507600575F65 /* Translations.swift in Sources */,
			);
			runOnlyForDeploymentPostprocessing = 0;
		};
		F3F9E1FA26CD459D0051C96E /* Sources */ = {
			isa = PBXSourcesBuildPhase;
			buildActionMask = 2147483647;
			files = (
				F3F9E20326CD459D0051C96E /* AirportMingleTests.swift in Sources */,
			);
			runOnlyForDeploymentPostprocessing = 0;
		};
		F3F9E20526CD459D0051C96E /* Sources */ = {
			isa = PBXSourcesBuildPhase;
			buildActionMask = 2147483647;
			files = (
				F3F9E20E26CD459D0051C96E /* AirportMingleUITests.swift in Sources */,
			);
			runOnlyForDeploymentPostprocessing = 0;
		};
/* End PBXSourcesBuildPhase section */

/* Begin PBXTargetDependency section */
		F3F9E20026CD459D0051C96E /* PBXTargetDependency */ = {
			isa = PBXTargetDependency;
			target = F3F9E1EC26CD459B0051C96E /* AirportMingle */;
			targetProxy = F3F9E1FF26CD459D0051C96E /* PBXContainerItemProxy */;
		};
		F3F9E20B26CD459D0051C96E /* PBXTargetDependency */ = {
			isa = PBXTargetDependency;
			target = F3F9E1EC26CD459B0051C96E /* AirportMingle */;
			targetProxy = F3F9E20A26CD459D0051C96E /* PBXContainerItemProxy */;
		};
/* End PBXTargetDependency section */

/* Begin PBXVariantGroup section */
		F3EF88A026CD4E3500575F65 /* Translations.strings */ = {
			isa = PBXVariantGroup;
			children = (
				F3EF889F26CD4E3500575F65 /* en */,
				F3EF88A126CD4E3900575F65 /* nl */,
			);
			name = Translations.strings;
			sourceTree = "<group>";
		};
/* End PBXVariantGroup section */

/* Begin XCBuildConfiguration section */
		F3F9E21026CD459D0051C96E /* Debug */ = {
			isa = XCBuildConfiguration;
			buildSettings = {
				ALWAYS_SEARCH_USER_PATHS = NO;
				CLANG_ANALYZER_NONNULL = YES;
				CLANG_ANALYZER_NUMBER_OBJECT_CONVERSION = YES_AGGRESSIVE;
				CLANG_CXX_LANGUAGE_STANDARD = "gnu++14";
				CLANG_CXX_LIBRARY = "libc++";
				CLANG_ENABLE_MODULES = YES;
				CLANG_ENABLE_OBJC_ARC = YES;
				CLANG_ENABLE_OBJC_WEAK = YES;
				CLANG_WARN_BLOCK_CAPTURE_AUTORELEASING = YES;
				CLANG_WARN_BOOL_CONVERSION = YES;
				CLANG_WARN_COMMA = YES;
				CLANG_WARN_CONSTANT_CONVERSION = YES;
				CLANG_WARN_DEPRECATED_OBJC_IMPLEMENTATIONS = YES;
				CLANG_WARN_DIRECT_OBJC_ISA_USAGE = YES_ERROR;
				CLANG_WARN_DOCUMENTATION_COMMENTS = YES;
				CLANG_WARN_EMPTY_BODY = YES;
				CLANG_WARN_ENUM_CONVERSION = YES;
				CLANG_WARN_INFINITE_RECURSION = YES;
				CLANG_WARN_INT_CONVERSION = YES;
				CLANG_WARN_NON_LITERAL_NULL_CONVERSION = YES;
				CLANG_WARN_OBJC_IMPLICIT_RETAIN_SELF = YES;
				CLANG_WARN_OBJC_LITERAL_CONVERSION = YES;
				CLANG_WARN_OBJC_ROOT_CLASS = YES_ERROR;
				CLANG_WARN_QUOTED_INCLUDE_IN_FRAMEWORK_HEADER = YES;
				CLANG_WARN_RANGE_LOOP_ANALYSIS = YES;
				CLANG_WARN_STRICT_PROTOTYPES = YES;
				CLANG_WARN_SUSPICIOUS_MOVE = YES;
				CLANG_WARN_UNGUARDED_AVAILABILITY = YES_AGGRESSIVE;
				CLANG_WARN_UNREACHABLE_CODE = YES;
				CLANG_WARN__DUPLICATE_METHOD_MATCH = YES;
				COPY_PHASE_STRIP = NO;
				DEBUG_INFORMATION_FORMAT = dwarf;
				ENABLE_STRICT_OBJC_MSGSEND = YES;
				ENABLE_TESTABILITY = YES;
				GCC_C_LANGUAGE_STANDARD = gnu11;
				GCC_DYNAMIC_NO_PIC = NO;
				GCC_NO_COMMON_BLOCKS = YES;
				GCC_OPTIMIZATION_LEVEL = 0;
				GCC_PREPROCESSOR_DEFINITIONS = (
					"DEBUG=1",
					"$(inherited)",
				);
				GCC_WARN_64_TO_32_BIT_CONVERSION = YES;
				GCC_WARN_ABOUT_RETURN_TYPE = YES_ERROR;
				GCC_WARN_UNDECLARED_SELECTOR = YES;
				GCC_WARN_UNINITIALIZED_AUTOS = YES_AGGRESSIVE;
				GCC_WARN_UNUSED_FUNCTION = YES;
				GCC_WARN_UNUSED_VARIABLE = YES;
				IPHONEOS_DEPLOYMENT_TARGET = 14.5;
				MTL_ENABLE_DEBUG_INFO = INCLUDE_SOURCE;
				MTL_FAST_MATH = YES;
				ONLY_ACTIVE_ARCH = YES;
				SDKROOT = iphoneos;
				SWIFT_ACTIVE_COMPILATION_CONDITIONS = DEBUG;
				SWIFT_OPTIMIZATION_LEVEL = "-Onone";
			};
			name = Debug;
		};
		F3F9E21126CD459D0051C96E /* Release */ = {
			isa = XCBuildConfiguration;
			buildSettings = {
				ALWAYS_SEARCH_USER_PATHS = NO;
				CLANG_ANALYZER_NONNULL = YES;
				CLANG_ANALYZER_NUMBER_OBJECT_CONVERSION = YES_AGGRESSIVE;
				CLANG_CXX_LANGUAGE_STANDARD = "gnu++14";
				CLANG_CXX_LIBRARY = "libc++";
				CLANG_ENABLE_MODULES = YES;
				CLANG_ENABLE_OBJC_ARC = YES;
				CLANG_ENABLE_OBJC_WEAK = YES;
				CLANG_WARN_BLOCK_CAPTURE_AUTORELEASING = YES;
				CLANG_WARN_BOOL_CONVERSION = YES;
				CLANG_WARN_COMMA = YES;
				CLANG_WARN_CONSTANT_CONVERSION = YES;
				CLANG_WARN_DEPRECATED_OBJC_IMPLEMENTATIONS = YES;
				CLANG_WARN_DIRECT_OBJC_ISA_USAGE = YES_ERROR;
				CLANG_WARN_DOCUMENTATION_COMMENTS = YES;
				CLANG_WARN_EMPTY_BODY = YES;
				CLANG_WARN_ENUM_CONVERSION = YES;
				CLANG_WARN_INFINITE_RECURSION = YES;
				CLANG_WARN_INT_CONVERSION = YES;
				CLANG_WARN_NON_LITERAL_NULL_CONVERSION = YES;
				CLANG_WARN_OBJC_IMPLICIT_RETAIN_SELF = YES;
				CLANG_WARN_OBJC_LITERAL_CONVERSION = YES;
				CLANG_WARN_OBJC_ROOT_CLASS = YES_ERROR;
				CLANG_WARN_QUOTED_INCLUDE_IN_FRAMEWORK_HEADER = YES;
				CLANG_WARN_RANGE_LOOP_ANALYSIS = YES;
				CLANG_WARN_STRICT_PROTOTYPES = YES;
				CLANG_WARN_SUSPICIOUS_MOVE = YES;
				CLANG_WARN_UNGUARDED_AVAILABILITY = YES_AGGRESSIVE;
				CLANG_WARN_UNREACHABLE_CODE = YES;
				CLANG_WARN__DUPLICATE_METHOD_MATCH = YES;
				COPY_PHASE_STRIP = NO;
				DEBUG_INFORMATION_FORMAT = "dwarf-with-dsym";
				ENABLE_NS_ASSERTIONS = NO;
				ENABLE_STRICT_OBJC_MSGSEND = YES;
				GCC_C_LANGUAGE_STANDARD = gnu11;
				GCC_NO_COMMON_BLOCKS = YES;
				GCC_WARN_64_TO_32_BIT_CONVERSION = YES;
				GCC_WARN_ABOUT_RETURN_TYPE = YES_ERROR;
				GCC_WARN_UNDECLARED_SELECTOR = YES;
				GCC_WARN_UNINITIALIZED_AUTOS = YES_AGGRESSIVE;
				GCC_WARN_UNUSED_FUNCTION = YES;
				GCC_WARN_UNUSED_VARIABLE = YES;
				IPHONEOS_DEPLOYMENT_TARGET = 14.5;
				MTL_ENABLE_DEBUG_INFO = NO;
				MTL_FAST_MATH = YES;
				SDKROOT = iphoneos;
				SWIFT_COMPILATION_MODE = wholemodule;
				SWIFT_OPTIMIZATION_LEVEL = "-O";
				VALIDATE_PRODUCT = YES;
			};
			name = Release;
		};
		F3F9E21326CD459D0051C96E /* Debug */ = {
			isa = XCBuildConfiguration;
			buildSettings = {
				ASSETCATALOG_COMPILER_APPICON_NAME = AppIcon;
				ASSETCATALOG_COMPILER_GLOBAL_ACCENT_COLOR_NAME = AccentColor;
				CODE_SIGN_STYLE = Automatic;
				DEVELOPMENT_ASSET_PATHS = "\"AirportMingle/Misc/Preview Content\"";
				DEVELOPMENT_TEAM = 75P259TU67;
				ENABLE_PREVIEWS = YES;
				INFOPLIST_FILE = AirportMingle/Misc/Info.plist;
				IPHONEOS_DEPLOYMENT_TARGET = 14.0;
				LD_RUNPATH_SEARCH_PATHS = (
					"$(inherited)",
					"@executable_path/Frameworks",
				);
				PRODUCT_BUNDLE_IDENTIFIER = com.appmiration.AirportMingle;
				PRODUCT_NAME = "$(TARGET_NAME)";
				SWIFT_VERSION = 5.0;
				TARGETED_DEVICE_FAMILY = "1,2";
			};
			name = Debug;
		};
		F3F9E21426CD459D0051C96E /* Release */ = {
			isa = XCBuildConfiguration;
			buildSettings = {
				ASSETCATALOG_COMPILER_APPICON_NAME = AppIcon;
				ASSETCATALOG_COMPILER_GLOBAL_ACCENT_COLOR_NAME = AccentColor;
				CODE_SIGN_STYLE = Automatic;
				DEVELOPMENT_ASSET_PATHS = "\"AirportMingle/Misc/Preview Content\"";
				DEVELOPMENT_TEAM = 75P259TU67;
				ENABLE_PREVIEWS = YES;
				INFOPLIST_FILE = AirportMingle/Misc/Info.plist;
				IPHONEOS_DEPLOYMENT_TARGET = 14.0;
				LD_RUNPATH_SEARCH_PATHS = (
					"$(inherited)",
					"@executable_path/Frameworks",
				);
				PRODUCT_BUNDLE_IDENTIFIER = com.appmiration.AirportMingle;
				PRODUCT_NAME = "$(TARGET_NAME)";
				SWIFT_VERSION = 5.0;
				TARGETED_DEVICE_FAMILY = "1,2";
			};
			name = Release;
		};
		F3F9E21626CD459D0051C96E /* Debug */ = {
			isa = XCBuildConfiguration;
			buildSettings = {
				ALWAYS_EMBED_SWIFT_STANDARD_LIBRARIES = YES;
				BUNDLE_LOADER = "$(TEST_HOST)";
				CODE_SIGN_STYLE = Automatic;
				DEVELOPMENT_TEAM = 75P259TU67;
				INFOPLIST_FILE = AirportMingleTests/Info.plist;
				IPHONEOS_DEPLOYMENT_TARGET = 14.0;
				LD_RUNPATH_SEARCH_PATHS = (
					"$(inherited)",
					"@executable_path/Frameworks",
					"@loader_path/Frameworks",
				);
				PRODUCT_BUNDLE_IDENTIFIER = com.appmiration.AirportMingleTests;
				PRODUCT_NAME = "$(TARGET_NAME)";
				SWIFT_VERSION = 5.0;
				TARGETED_DEVICE_FAMILY = "1,2";
				TEST_HOST = "$(BUILT_PRODUCTS_DIR)/AirportMingle.app/AirportMingle";
			};
			name = Debug;
		};
		F3F9E21726CD459D0051C96E /* Release */ = {
			isa = XCBuildConfiguration;
			buildSettings = {
				ALWAYS_EMBED_SWIFT_STANDARD_LIBRARIES = YES;
				BUNDLE_LOADER = "$(TEST_HOST)";
				CODE_SIGN_STYLE = Automatic;
				DEVELOPMENT_TEAM = 75P259TU67;
				INFOPLIST_FILE = AirportMingleTests/Info.plist;
				IPHONEOS_DEPLOYMENT_TARGET = 14.0;
				LD_RUNPATH_SEARCH_PATHS = (
					"$(inherited)",
					"@executable_path/Frameworks",
					"@loader_path/Frameworks",
				);
				PRODUCT_BUNDLE_IDENTIFIER = com.appmiration.AirportMingleTests;
				PRODUCT_NAME = "$(TARGET_NAME)";
				SWIFT_VERSION = 5.0;
				TARGETED_DEVICE_FAMILY = "1,2";
				TEST_HOST = "$(BUILT_PRODUCTS_DIR)/AirportMingle.app/AirportMingle";
			};
			name = Release;
		};
		F3F9E21926CD459D0051C96E /* Debug */ = {
			isa = XCBuildConfiguration;
			buildSettings = {
				ALWAYS_EMBED_SWIFT_STANDARD_LIBRARIES = YES;
				CODE_SIGN_STYLE = Automatic;
				DEVELOPMENT_TEAM = 75P259TU67;
				INFOPLIST_FILE = AirportMingleUITests/Info.plist;
				LD_RUNPATH_SEARCH_PATHS = (
					"$(inherited)",
					"@executable_path/Frameworks",
					"@loader_path/Frameworks",
				);
				PRODUCT_BUNDLE_IDENTIFIER = com.appmiration.AirportMingleUITests;
				PRODUCT_NAME = "$(TARGET_NAME)";
				SWIFT_VERSION = 5.0;
				TARGETED_DEVICE_FAMILY = "1,2";
				TEST_TARGET_NAME = AirportMingle;
			};
			name = Debug;
		};
		F3F9E21A26CD459D0051C96E /* Release */ = {
			isa = XCBuildConfiguration;
			buildSettings = {
				ALWAYS_EMBED_SWIFT_STANDARD_LIBRARIES = YES;
				CODE_SIGN_STYLE = Automatic;
				DEVELOPMENT_TEAM = 75P259TU67;
				INFOPLIST_FILE = AirportMingleUITests/Info.plist;
				LD_RUNPATH_SEARCH_PATHS = (
					"$(inherited)",
					"@executable_path/Frameworks",
					"@loader_path/Frameworks",
				);
				PRODUCT_BUNDLE_IDENTIFIER = com.appmiration.AirportMingleUITests;
				PRODUCT_NAME = "$(TARGET_NAME)";
				SWIFT_VERSION = 5.0;
				TARGETED_DEVICE_FAMILY = "1,2";
				TEST_TARGET_NAME = AirportMingle;
			};
			name = Release;
		};
/* End XCBuildConfiguration section */

/* Begin XCConfigurationList section */
		F3F9E1E826CD459B0051C96E /* Build configuration list for PBXProject "AirportMingle" */ = {
			isa = XCConfigurationList;
			buildConfigurations = (
				F3F9E21026CD459D0051C96E /* Debug */,
				F3F9E21126CD459D0051C96E /* Release */,
			);
			defaultConfigurationIsVisible = 0;
			defaultConfigurationName = Release;
		};
		F3F9E21226CD459D0051C96E /* Build configuration list for PBXNativeTarget "AirportMingle" */ = {
			isa = XCConfigurationList;
			buildConfigurations = (
				F3F9E21326CD459D0051C96E /* Debug */,
				F3F9E21426CD459D0051C96E /* Release */,
			);
			defaultConfigurationIsVisible = 0;
			defaultConfigurationName = Release;
		};
		F3F9E21526CD459D0051C96E /* Build configuration list for PBXNativeTarget "AirportMingleTests" */ = {
			isa = XCConfigurationList;
			buildConfigurations = (
				F3F9E21626CD459D0051C96E /* Debug */,
				F3F9E21726CD459D0051C96E /* Release */,
			);
			defaultConfigurationIsVisible = 0;
			defaultConfigurationName = Release;
		};
		F3F9E21826CD459D0051C96E /* Build configuration list for PBXNativeTarget "AirportMingleUITests" */ = {
			isa = XCConfigurationList;
			buildConfigurations = (
				F3F9E21926CD459D0051C96E /* Debug */,
				F3F9E21A26CD459D0051C96E /* Release */,
			);
			defaultConfigurationIsVisible = 0;
			defaultConfigurationName = Release;
		};
/* End XCConfigurationList section */
	};
	rootObject = F3F9E1E526CD459B0051C96E /* Project object */;
}
